{
  "version": 4,
  "terraform_version": "1.2.5",
  "serial": 58,
  "lineage": "59f7936d-ad14-c54b-b4cb-42ddc00424fc",
  "outputs": {},
  "resources": [
    {
      "mode": "data",
      "type": "aws_ami",
      "name": "ubuntu",
      "provider": "provider[\"registry.terraform.io/hashicorp/aws\"]",
      "instances": [
        {
          "schema_version": 0,
          "attributes": {
            "architecture": "x86_64",
            "arn": "arn:aws:ec2:us-east-1::image/ami-0070c5311b7677678",
            "block_device_mappings": [
              {
                "device_name": "/dev/sda1",
                "ebs": {
                  "delete_on_termination": "true",
                  "encrypted": "false",
                  "iops": "0",
                  "snapshot_id": "snap-0db3735e6b7f08d2c",
                  "throughput": "0",
                  "volume_size": "8",
                  "volume_type": "gp2"
                },
                "no_device": "",
                "virtual_name": ""
              },
              {
                "device_name": "/dev/sdb",
                "ebs": {},
                "no_device": "",
                "virtual_name": "ephemeral0"
              },
              {
                "device_name": "/dev/sdc",
                "ebs": {},
                "no_device": "",
                "virtual_name": "ephemeral1"
              }
            ],
            "boot_mode": "",
            "creation_date": "2022-07-07T00:49:12.000Z",
            "deprecation_time": "2024-07-07T00:49:12.000Z",
            "description": "Canonical, Ubuntu, 20.04 LTS, amd64 focal image build on 2022-07-06",
            "ena_support": true,
            "executable_users": null,
            "filter": [
              {
                "name": "name",
                "values": [
                  "ubuntu/images/hvm-ssd/ubuntu-focal-20.04-amd64-server-*"
                ]
              },
              {
                "name": "virtualization-type",
                "values": [
                  "hvm"
                ]
              }
            ],
            "hypervisor": "xen",
            "id": "ami-0070c5311b7677678",
            "image_id": "ami-0070c5311b7677678",
            "image_location": "099720109477/ubuntu/images/hvm-ssd/ubuntu-focal-20.04-amd64-server-20220706",
            "image_owner_alias": "",
            "image_type": "machine",
            "include_deprecated": false,
            "kernel_id": "",
            "most_recent": true,
            "name": "ubuntu/images/hvm-ssd/ubuntu-focal-20.04-amd64-server-20220706",
            "name_regex": null,
            "owner_id": "099720109477",
            "owners": [
              "099720109477"
            ],
            "platform": "",
            "platform_details": "Linux/UNIX",
            "product_codes": [],
            "public": true,
            "ramdisk_id": "",
            "root_device_name": "/dev/sda1",
            "root_device_type": "ebs",
            "root_snapshot_id": "snap-0db3735e6b7f08d2c",
            "sriov_net_support": "simple",
            "state": "available",
            "state_reason": {
              "code": "UNSET",
              "message": "UNSET"
            },
            "tags": {},
            "tpm_support": "",
            "usage_operation": "RunInstances",
            "virtualization_type": "hvm"
          },
          "sensitive_attributes": []
        }
      ]
    },
    {
      "mode": "managed",
      "type": "aws_eip",
      "name": "lb",
      "provider": "provider[\"registry.terraform.io/hashicorp/aws\"]",
      "instances": [
        {
          "schema_version": 0,
          "attributes": {
            "address": null,
            "allocation_id": "eipalloc-0d418da190f3c4b36",
            "associate_with_private_ip": null,
            "association_id": "eipassoc-08a306287fb8b9537",
            "carrier_ip": "",
            "customer_owned_ip": "",
            "customer_owned_ipv4_pool": "",
            "domain": "vpc",
            "id": "eipalloc-0d418da190f3c4b36",
            "instance": "",
            "network_border_group": "us-east-1",
            "network_interface": "eni-0104b9b3196b97f28",
            "private_dns": "ip-10-0-1-135.ec2.internal",
            "private_ip": "10.0.1.135",
            "public_dns": "ec2-44-194-160-98.compute-1.amazonaws.com",
            "public_ip": "44.194.160.98",
            "public_ipv4_pool": "amazon",
            "tags": {},
            "tags_all": {},
            "timeouts": null,
            "vpc": true
          },
          "sensitive_attributes": [],
          "private": "eyJlMmJmYjczMC1lY2FhLTExZTYtOGY4OC0zNDM2M2JjN2M0YzAiOnsiZGVsZXRlIjoxODAwMDAwMDAwMDAsInJlYWQiOjkwMDAwMDAwMDAwMCwidXBkYXRlIjozMDAwMDAwMDAwMDB9fQ=="
        }
      ]
    },
    {
      "mode": "managed",
      "type": "aws_instance",
      "name": "app",
      "provider": "provider[\"registry.terraform.io/hashicorp/aws\"]",
      "instances": [
        {
          "schema_version": 1,
          "attributes": {
            "ami": "ami-0070c5311b7677678",
            "arn": "arn:aws:ec2:us-east-1:160707184380:instance/i-02751ca100e27744c",
            "associate_public_ip_address": false,
            "availability_zone": "us-east-1a",
            "capacity_reservation_specification": [
              {
                "capacity_reservation_preference": "open",
                "capacity_reservation_target": []
              }
            ],
            "cpu_core_count": 1,
            "cpu_threads_per_core": 1,
            "credit_specification": [
              {
                "cpu_credits": "standard"
              }
            ],
            "disable_api_stop": false,
            "disable_api_termination": false,
            "ebs_block_device": [],
            "ebs_optimized": false,
            "enclave_options": [
              {
                "enabled": false
              }
            ],
            "ephemeral_block_device": [],
            "get_password_data": false,
            "hibernation": false,
            "host_id": null,
            "iam_instance_profile": "",
            "id": "i-02751ca100e27744c",
            "instance_initiated_shutdown_behavior": "stop",
            "instance_state": "running",
            "instance_type": "t2.micro",
            "ipv6_address_count": 0,
            "ipv6_addresses": [],
            "key_name": "key",
            "launch_template": [],
            "maintenance_options": [
              {
                "auto_recovery": "default"
              }
            ],
            "metadata_options": [
              {
                "http_endpoint": "enabled",
                "http_put_response_hop_limit": 1,
                "http_tokens": "optional",
                "instance_metadata_tags": "disabled"
              }
            ],
            "monitoring": false,
            "network_interface": [],
            "outpost_arn": "",
            "password_data": "",
            "placement_group": "",
            "placement_partition_number": null,
            "primary_network_interface_id": "eni-0c0e592cd29d733c2",
            "private_dns": "ip-10-0-3-222.ec2.internal",
            "private_dns_name_options": [
              {
                "enable_resource_name_dns_a_record": false,
                "enable_resource_name_dns_aaaa_record": false,
                "hostname_type": "ip-name"
              }
            ],
            "private_ip": "10.0.3.222",
            "public_dns": "",
            "public_ip": "",
            "root_block_device": [
              {
                "delete_on_termination": true,
                "device_name": "/dev/sda1",
                "encrypted": false,
                "iops": 100,
                "kms_key_id": "",
                "tags": {},
                "throughput": 0,
                "volume_id": "vol-0396434b843957dde",
                "volume_size": 8,
                "volume_type": "gp2"
              }
            ],
            "secondary_private_ips": [],
            "security_groups": [],
            "source_dest_check": true,
            "subnet_id": "subnet-02529c2b902fc8613",
            "tags": {
              "Name": "app"
            },
            "tags_all": {
              "Name": "app"
            },
            "tenancy": "default",
            "timeouts": null,
            "user_data": null,
            "user_data_base64": null,
            "user_data_replace_on_change": false,
            "volume_tags": null,
            "vpc_security_group_ids": [
              "sg-0cde9200530d73e55"
            ]
          },
          "sensitive_attributes": [],
          "private": "eyJlMmJmYjczMC1lY2FhLTExZTYtOGY4OC0zNDM2M2JjN2M0YzAiOnsiY3JlYXRlIjo2MDAwMDAwMDAwMDAsImRlbGV0ZSI6MTIwMDAwMDAwMDAwMCwidXBkYXRlIjo2MDAwMDAwMDAwMDB9LCJzY2hlbWFfdmVyc2lvbiI6IjEifQ==",
          "dependencies": [
            "aws_key_pair.generated_key",
            "aws_security_group.allow_ssh3000",
            "aws_subnet.privatesubnet1",
            "aws_vpc.myvpc",
            "data.aws_ami.ubuntu",
            "tls_private_key.mykey"
          ]
        }
      ]
    },
    {
      "mode": "managed",
      "type": "aws_instance",
      "name": "bastion",
      "provider": "provider[\"registry.terraform.io/hashicorp/aws\"]",
      "instances": [
        {
          "schema_version": 1,
          "attributes": {
            "ami": "ami-0070c5311b7677678",
            "arn": "arn:aws:ec2:us-east-1:160707184380:instance/i-07a1896eb70b7922e",
            "associate_public_ip_address": true,
            "availability_zone": "us-east-1a",
            "capacity_reservation_specification": [
              {
                "capacity_reservation_preference": "open",
                "capacity_reservation_target": []
              }
            ],
            "cpu_core_count": 1,
            "cpu_threads_per_core": 1,
            "credit_specification": [
              {
                "cpu_credits": "standard"
              }
            ],
            "disable_api_stop": false,
            "disable_api_termination": false,
            "ebs_block_device": [],
            "ebs_optimized": false,
            "enclave_options": [
              {
                "enabled": false
              }
            ],
            "ephemeral_block_device": [],
            "get_password_data": false,
            "hibernation": false,
            "host_id": null,
            "iam_instance_profile": "",
            "id": "i-07a1896eb70b7922e",
            "instance_initiated_shutdown_behavior": "stop",
            "instance_state": "running",
            "instance_type": "t2.micro",
            "ipv6_address_count": 0,
            "ipv6_addresses": [],
            "key_name": "",
            "launch_template": [],
            "maintenance_options": [
              {
                "auto_recovery": "default"
              }
            ],
            "metadata_options": [
              {
                "http_endpoint": "enabled",
                "http_put_response_hop_limit": 1,
                "http_tokens": "optional",
                "instance_metadata_tags": "disabled"
              }
            ],
            "monitoring": false,
            "network_interface": [],
            "outpost_arn": "",
            "password_data": "",
            "placement_group": "",
            "placement_partition_number": null,
            "primary_network_interface_id": "eni-07f70b85ba19eb588",
            "private_dns": "ip-10-0-1-166.ec2.internal",
            "private_dns_name_options": [
              {
                "enable_resource_name_dns_a_record": false,
                "enable_resource_name_dns_aaaa_record": false,
                "hostname_type": "ip-name"
              }
            ],
            "private_ip": "10.0.1.166",
            "public_dns": "",
            "public_ip": "52.70.197.125",
            "root_block_device": [
              {
                "delete_on_termination": true,
                "device_name": "/dev/sda1",
                "encrypted": false,
                "iops": 100,
                "kms_key_id": "",
                "tags": {},
                "throughput": 0,
                "volume_id": "vol-0d07e3a4309dfcab9",
                "volume_size": 8,
                "volume_type": "gp2"
              }
            ],
            "secondary_private_ips": [],
            "security_groups": [],
            "source_dest_check": true,
            "subnet_id": "subnet-0802c96b5434236d7",
            "tags": {
              "Name": "bastion"
            },
            "tags_all": {
              "Name": "bastion"
            },
            "tenancy": "default",
            "timeouts": null,
            "user_data": null,
            "user_data_base64": null,
            "user_data_replace_on_change": false,
            "volume_tags": null,
            "vpc_security_group_ids": [
              "sg-0097bd64bfa6c08d9"
            ]
          },
          "sensitive_attributes": [],
          "private": "eyJlMmJmYjczMC1lY2FhLTExZTYtOGY4OC0zNDM2M2JjN2M0YzAiOnsiY3JlYXRlIjo2MDAwMDAwMDAwMDAsImRlbGV0ZSI6MTIwMDAwMDAwMDAwMCwidXBkYXRlIjo2MDAwMDAwMDAwMDB9LCJzY2hlbWFfdmVyc2lvbiI6IjEifQ==",
          "dependencies": [
            "aws_security_group.allow_ssh",
            "aws_subnet.publicsubnet1",
            "aws_vpc.myvpc",
            "data.aws_ami.ubuntu"
          ]
        }
      ]
    },
    {
      "mode": "managed",
      "type": "aws_internet_gateway",
      "name": "internetgetaway",
      "provider": "provider[\"registry.terraform.io/hashicorp/aws\"]",
      "instances": [
        {
          "schema_version": 0,
          "attributes": {
            "arn": "arn:aws:ec2:us-east-1:160707184380:internet-gateway/igw-064d38c44d8da7047",
            "id": "igw-064d38c44d8da7047",
            "owner_id": "160707184380",
            "tags": {},
            "tags_all": {},
            "vpc_id": "vpc-0e36893a22cbb43c5"
          },
          "sensitive_attributes": [],
          "private": "bnVsbA==",
          "dependencies": [
            "aws_vpc.myvpc"
          ]
        }
      ]
    },
    {
      "mode": "managed",
      "type": "aws_key_pair",
      "name": "generated_key",
      "provider": "provider[\"registry.terraform.io/hashicorp/aws\"]",
      "instances": [
        {
          "schema_version": 1,
          "attributes": {
            "arn": "arn:aws:ec2:us-east-1:160707184380:key-pair/key",
            "fingerprint": "ee:71:73:61:ca:93:6c:21:29:dd:3b:f9:48:7d:ed:86",
            "id": "key",
            "key_name": "key",
            "key_name_prefix": "",
            "key_pair_id": "key-0adb920da07c69c93",
            "key_type": "rsa",
            "public_key": "ssh-rsa AAAAB3NzaC1yc2EAAAADAQABAAACAQCyWz0PpWlsMQFD9x/jQcTkJJ3y1JEYtIjZGQwwqP95fdoXrwkapU5ZOOm2jDTiJ6IaxS5kzEFDOhJCfh3GfNikWPi6JWVY4OEiq6fbVT1lLiia/gSbHoSvpwMZaxNnMfRsom+CpfnIIYsE97K1VdGYuYkDSjh/qs9Lzjy6k0uO8bvZW/XFbW+sRrIMp7BMuojVQXcs9N9VBsPwiAV7J01ZjuYt2IlInlir6SkEeVI62OMEW2YwJ3Of6Xm3DMiuY5YbIfVZdxiOAbd7LRoAlUS8asA7y4HJO6zafeq9XWE1aUKAfP2hcnclDp6hDK4Yt/NQJnMUa04ZI0dChzC4bo8ihTU7u9d56By0qy5gblTzuZ+4KbbpfPq6xDeiHeDlMgosFh0FgeKinW3j6oEJ9XiUuN80Fzdx0ip1Cz9CS/J40p3rV9qnSAUv9ewBoItK8ddMskwueKWVDfYjRDEF1fNoUOzN/RHawjYT5OoNCD8zaI8aGfI7T7aY7p7wyjLwqHkFmJZ2sCv4wY7NSxDVk6p7IR7mAlJjcaGOyCPbMT176GzTo5mkxfIbRToaYs2QsYVAb81cDO6tEgSSSYI+jHduZRk3CQ0LA3PKA48ijL+SYCQ8DmYLW+acS64Ei3oJ20kUcpxjSD3YleM/S8QqlY8Zg6L/uy476u9dDdatTzM8ew==",
            "tags": {},
            "tags_all": {}
          },
          "sensitive_attributes": [],
          "private": "eyJzY2hlbWFfdmVyc2lvbiI6IjEifQ==",
          "dependencies": [
            "tls_private_key.mykey"
          ]
        }
      ]
    },
    {
      "mode": "managed",
      "type": "aws_nat_gateway",
      "name": "mynat",
      "provider": "provider[\"registry.terraform.io/hashicorp/aws\"]",
      "instances": [
        {
          "schema_version": 0,
          "attributes": {
            "allocation_id": "eipalloc-0d418da190f3c4b36",
            "connectivity_type": "public",
            "id": "nat-062c0b13d3789edd5",
            "network_interface_id": "eni-0104b9b3196b97f28",
            "private_ip": "10.0.1.135",
            "public_ip": "44.194.160.98",
            "subnet_id": "subnet-0802c96b5434236d7",
            "tags": {
              "Name": "NAT GW"
            },
            "tags_all": {
              "Name": "NAT GW"
            }
          },
          "sensitive_attributes": [],
          "private": "bnVsbA==",
          "dependencies": [
            "aws_eip.lb",
            "aws_subnet.publicsubnet1",
            "aws_vpc.myvpc"
          ]
        }
      ]
    },
    {
      "mode": "managed",
      "type": "aws_route_table",
      "name": "privateroute",
      "provider": "provider[\"registry.terraform.io/hashicorp/aws\"]",
      "instances": [
        {
          "schema_version": 0,
          "attributes": {
            "arn": "arn:aws:ec2:us-east-1:160707184380:route-table/rtb-00602868c67fc9c02",
            "id": "rtb-00602868c67fc9c02",
            "owner_id": "160707184380",
            "propagating_vgws": [],
            "route": [
              {
                "carrier_gateway_id": "",
                "cidr_block": "0.0.0.0/0",
                "core_network_arn": "",
                "destination_prefix_list_id": "",
                "egress_only_gateway_id": "",
                "gateway_id": "nat-062c0b13d3789edd5",
                "instance_id": "",
                "ipv6_cidr_block": "",
                "local_gateway_id": "",
                "nat_gateway_id": "",
                "network_interface_id": "",
                "transit_gateway_id": "",
                "vpc_endpoint_id": "",
                "vpc_peering_connection_id": ""
              }
            ],
            "tags": {
              "Name": "privateroute"
            },
            "tags_all": {
              "Name": "privateroute"
            },
            "timeouts": null,
            "vpc_id": "vpc-0e36893a22cbb43c5"
          },
          "sensitive_attributes": [],
          "private": "eyJlMmJmYjczMC1lY2FhLTExZTYtOGY4OC0zNDM2M2JjN2M0YzAiOnsiY3JlYXRlIjozMDAwMDAwMDAwMDAsImRlbGV0ZSI6MzAwMDAwMDAwMDAwLCJ1cGRhdGUiOjEyMDAwMDAwMDAwMH19",
          "dependencies": [
            "aws_nat_gateway.mynat",
            "aws_vpc.myvpc"
          ]
        }
      ]
    },
    {
      "mode": "managed",
      "type": "aws_route_table",
      "name": "publicroute",
      "provider": "provider[\"registry.terraform.io/hashicorp/aws\"]",
      "instances": [
        {
          "schema_version": 0,
          "attributes": {
            "arn": "arn:aws:ec2:us-east-1:160707184380:route-table/rtb-0ad2385a8c0c0a385",
            "id": "rtb-0ad2385a8c0c0a385",
            "owner_id": "160707184380",
            "propagating_vgws": [],
            "route": [
              {
                "carrier_gateway_id": "",
                "cidr_block": "0.0.0.0/0",
                "core_network_arn": "",
                "destination_prefix_list_id": "",
                "egress_only_gateway_id": "",
                "gateway_id": "igw-064d38c44d8da7047",
                "instance_id": "",
                "ipv6_cidr_block": "",
                "local_gateway_id": "",
                "nat_gateway_id": "",
                "network_interface_id": "",
                "transit_gateway_id": "",
                "vpc_endpoint_id": "",
                "vpc_peering_connection_id": ""
              }
            ],
            "tags": {
              "Name": "publicroute"
            },
            "tags_all": {
              "Name": "publicroute"
            },
            "timeouts": null,
            "vpc_id": "vpc-0e36893a22cbb43c5"
          },
          "sensitive_attributes": [],
          "private": "eyJlMmJmYjczMC1lY2FhLTExZTYtOGY4OC0zNDM2M2JjN2M0YzAiOnsiY3JlYXRlIjozMDAwMDAwMDAwMDAsImRlbGV0ZSI6MzAwMDAwMDAwMDAwLCJ1cGRhdGUiOjEyMDAwMDAwMDAwMH19",
          "dependencies": [
            "aws_internet_gateway.internetgetaway",
            "aws_vpc.myvpc"
          ]
        }
      ]
    },
    {
      "mode": "managed",
      "type": "aws_route_table_association",
      "name": "private1",
      "provider": "provider[\"registry.terraform.io/hashicorp/aws\"]",
      "instances": [
        {
          "schema_version": 0,
          "attributes": {
            "gateway_id": "",
            "id": "rtbassoc-00f53df8e7889f402",
            "route_table_id": "rtb-00602868c67fc9c02",
            "subnet_id": "subnet-02529c2b902fc8613"
          },
          "sensitive_attributes": [],
          "private": "bnVsbA==",
          "dependencies": [
            "aws_eip.lb",
            "aws_nat_gateway.mynat",
            "aws_route_table.privateroute",
            "aws_subnet.privatesubnet1",
            "aws_subnet.publicsubnet1",
            "aws_vpc.myvpc"
          ]
        }
      ]
    },
    {
      "mode": "managed",
      "type": "aws_route_table_association",
      "name": "private2",
      "provider": "provider[\"registry.terraform.io/hashicorp/aws\"]",
      "instances": [
        {
          "schema_version": 0,
          "attributes": {
            "gateway_id": "",
            "id": "rtbassoc-0950b82147cdf04d2",
            "route_table_id": "rtb-00602868c67fc9c02",
            "subnet_id": "subnet-04d03e50efc52e460"
          },
          "sensitive_attributes": [],
          "private": "bnVsbA==",
          "dependencies": [
            "aws_eip.lb",
            "aws_nat_gateway.mynat",
            "aws_route_table.privateroute",
            "aws_subnet.privatesubnet2",
            "aws_subnet.publicsubnet1",
            "aws_vpc.myvpc"
          ]
        }
      ]
    },
    {
      "mode": "managed",
      "type": "aws_route_table_association",
      "name": "public1",
      "provider": "provider[\"registry.terraform.io/hashicorp/aws\"]",
      "instances": [
        {
          "schema_version": 0,
          "attributes": {
            "gateway_id": "",
            "id": "rtbassoc-0ab9085f3c03b9b7e",
            "route_table_id": "rtb-0ad2385a8c0c0a385",
            "subnet_id": "subnet-0802c96b5434236d7"
          },
          "sensitive_attributes": [],
          "private": "bnVsbA==",
          "dependencies": [
            "aws_internet_gateway.internetgetaway",
            "aws_route_table.publicroute",
            "aws_subnet.publicsubnet1",
            "aws_vpc.myvpc"
          ]
        }
      ]
    },
    {
      "mode": "managed",
      "type": "aws_route_table_association",
      "name": "public2",
      "provider": "provider[\"registry.terraform.io/hashicorp/aws\"]",
      "instances": [
        {
          "schema_version": 0,
          "attributes": {
            "gateway_id": "",
            "id": "rtbassoc-096d923683b854364",
            "route_table_id": "rtb-0ad2385a8c0c0a385",
            "subnet_id": "subnet-023987d81e5b1acc8"
          },
          "sensitive_attributes": [],
          "private": "bnVsbA==",
          "dependencies": [
            "aws_internet_gateway.internetgetaway",
            "aws_route_table.publicroute",
            "aws_subnet.publicsubnet2",
            "aws_vpc.myvpc"
          ]
        }
      ]
    },
    {
      "mode": "managed",
      "type": "aws_secretsmanager_secret",
      "name": "secret",
      "provider": "provider[\"registry.terraform.io/hashicorp/aws\"]",
      "instances": [
        {
          "schema_version": 0,
          "attributes": {
            "arn": "arn:aws:secretsmanager:us-east-1:160707184380:secret:secret-3U0Ikg",
            "description": "",
            "force_overwrite_replica_secret": false,
            "id": "arn:aws:secretsmanager:us-east-1:160707184380:secret:secret-3U0Ikg",
            "kms_key_id": "",
            "name": "secret",
            "name_prefix": "",
            "policy": "",
            "recovery_window_in_days": 30,
            "replica": [],
            "rotation_enabled": false,
            "rotation_lambda_arn": "",
            "rotation_rules": [],
            "tags": {},
            "tags_all": {}
          },
          "sensitive_attributes": [],
          "private": "bnVsbA=="
        }
      ]
    },
    {
      "mode": "managed",
      "type": "aws_secretsmanager_secret_version",
      "name": "smanager",
      "provider": "provider[\"registry.terraform.io/hashicorp/aws\"]",
      "instances": [
        {
          "schema_version": 0,
          "attributes": {
            "arn": "arn:aws:secretsmanager:us-east-1:160707184380:secret:secret-3U0Ikg",
            "id": "arn:aws:secretsmanager:us-east-1:160707184380:secret:secret-3U0Ikg|30B4CCA5-A2F6-4C1D-BE9E-494786D97C5D",
            "secret_binary": "",
            "secret_id": "arn:aws:secretsmanager:us-east-1:160707184380:secret:secret-3U0Ikg",
            "secret_string": "-----BEGIN RSA PRIVATE KEY-----\nMIIJKgIBAAKCAgEAsls9D6VpbDEBQ/cf40HE5CSd8tSRGLSI2RkMMKj/eX3aF68J\nGqVOWTjptow04ieiGsUuZMxBQzoSQn4dxnzYpFj4uiVlWODhIqun21U9ZS4omv4E\nmx6Er6cDGWsTZzH0bKJvgqX5yCGLBPeytVXRmLmJA0o4f6rPS848upNLjvG72Vv1\nxW1vrEayDKewTLqI1UF3LPTfVQbD8IgFeydNWY7mLdiJSJ5Yq+kpBHlSOtjjBFtm\nMCdzn+l5twzIrmOWGyH1WXcYjgG3ey0aAJVEvGrAO8uByTus2n3qvV1hNWlCgHz9\noXJ3JQ6eoQyuGLfzUCZzFGtOGSNHQocwuG6PIoU1O7vXeegctKsuYG5U87mfuCm2\n6Xz6usQ3oh3g5TIKLBYdBYHiop1t4+qBCfV4lLjfNBc3cdIqdQs/QkvyeNKd61fa\np0gFL/XsAaCLSvHXTLJMLnillQ32I0QxBdXzaFDszf0R2sI2E+TqDQg/M2iPGhny\nO0+2mO6e8Moy8Kh5BZiWdrAr+MGOzUsQ1ZOqeyEe5gJSY3Ghjsgj2zE9e+hs06OZ\npMXyG0U6GmLNkLGFQG/NXAzurRIEkkmCPox3bmUZNwkNCwNzygOPIoy/kmAkPA5m\nC1vmnEuuBIt6CdtJFHKcY0g92JXjP0vEKpWPGYOi/7suO+rvXQ3WrU8zPHsCAwEA\nAQKCAgEAjrHCc48ifiXi3k6L25UWAnVtTQdWIs7lodORVikPZFMVNteaUBArU+Td\nz2fzM3EEF6jkSk7EdBW04C/ogJIH/c0VClC6+dXJKaTuQeO7oATDBeXvJ2/ONn5H\nU4HAX1KvPG7lCkDiS4TSpaHK/5tuemMORGyQMUwmV37kRV1tGSs74FXblx3MN6fD\n8a4Dtg+TRBMBVx1+xJcKEpmw0OwLzXgvnkRc6ZWOWdPMNkEeUeiOEEFTy3j03966\nu4Hl2OfiA0ky82X+ZjbnZgwafpbuDFTYAb760lYFIDWXpfNcv4+8XfIiNZXPzv0Y\nWr87VplteBWbAp4rOJ9p9scUaqpBpsWJVuFloJ6ADgC0NobuWfNXBf4uxQEYUT0X\nJUOYO7cKNMl/bugQhmMvqF32rDryQJsgPclTbobGc/oPS49BARHMIRiQ6RPxjans\nsgIRIJTSyLW8RprQv3whIVjjudC/eXe6fIU0gHR8IKVyEB1o/eJ1jc4uoveaqoKr\nY04NtEI32fAcllsftuycxf55UeWgBI2QMnUshJRMI68Oemw0Txre6sO3xCuE1eiR\nzOqSganU8fqSha8pujdr7dMDm8yFlU5wUwZ2GAOXYHiJcP52m2WgRdswXe0orxsP\n1PUZENVA6zrld5CvNG4a2KkEJRFKiZfUeTAfOpPSSz0ADVEf3SECggEBAM4ASRRl\n0YCk9Qdp0s974WvqGHbfoGQnM1i+Szn05rZvtAj3cibvK6cQZYncLxKaRUxZ0b0d\njeCMNJc+v0GWMd0kZlzIVO4ThohdeQiw+77kd5nsjdug6W/rG5XNfBGiXZSep15F\nEcd4wC8NX83+9wQwIbQtT51WmFPw47bndMkSIyIW5bD82Lc7Opu2VGXktocXFqGP\ng03oUy/stdlKQQyM2ZKOkrwslIwfuTM+N59E1uIbTYLti2g7JDAKZ02qmIDEPZum\nJRCOQqgNZe+Ye8bqei7BHIsNpMEswe7U3hHUIfec+dKC44IuMZb7RPAevM0qZ3Jt\nSvVA6J34UXqBgFECggEBAN2lRVRT+j4hQQjqdY3pUh5JYQCefMcvjR2Y9MyCGkRx\nMt0viKVMZpLP+paR8wgZcYVZUN2ALEfgQijTdrCtaWQEQQTYnPrYkq7s/n17blWf\nKiT64wEK7Z0Xx9LscpPzK+QfJEX71DCGvupydjSJuEREVJz1PITqpJ4lm2fS/TQY\nwp6yld2x+Uv2WtawjjNTAruHr3qzn8LGUpl/qsHcZLDK1TTBbLBOWqIAN51yUN8/\nMpCtHpHRtOlUse+l6EjJpywDN0YmzetIckBMJ4yULUk4D445UuDjX/8uMgqSo0Db\njwWEsyZHn8yRqrm8iguFwyspHmRCWy5ws6D0fTsJ6QsCggEASIMnNkvk5BCsw7BH\naYukvNTJScbL8ZUu6NULK9p9/8fwKpvXjcbwqb0G0PE1jKnLLOYNAzHNCDayKG8I\n6bBR2xL+CTjnVGqBF603doy+AOLxCriO8rmAkknDCwcq3hY2NKNoLLHJYVqq46Uk\njSFrmAjNRFwSw0KBGkMYFQECRejhfxVqQtOuAUmTBs62hKtuaL0C1VnsEVdvONZs\n6JDPtvg5efI/yocyvuRHz7bd421a6npL3YN6Z/Uxdsuis18SkXkCarCgKWS6J+eX\nczBMmadd3OlS/8uMrAbyOPyrMsFmN4AFHEnAhcl24TuPd6qKMPn1Mf0wvoXbnAeV\nvrapEQKCAQEAlD4q3ZkBQTbKoaT3FQBdzSX0/A4ElNCICKi56mKGIQq5I1jcgvpT\njJQQHU7mhp9F3xN603sbosMqXNX6h3aki6GQvyYF8HyTtu2J1PGOPTQkYvFujM77\nV9uE6dz9UVkOHRh7EVe6du5YmMQPrVoDZZ1yHjyjyp6JlcC/bTSf54079hqpw8p6\nW8UcwoT5xvgZVsYMpvumugYdTs8lrV2z9s7ixNMt18nAMqQEjojb8ET7k+pGDO9+\nmaTtEcUcVDqTVgucl43yohAlYj3NIeglVdhqBwzuEr3hAfKqw4mKKSHwSZeUnuC+\nz3sJ/gpNJiHEBIUO7622AJyed+OuMqOROwKCAQEAvqhvjG62e6VPTkZjYizwVFFH\nauFqRLdPoeTXcSBXEX6xWACv2LvEZrOeuW5PXCBelK2ZkqtEDLj2y/WbLnf5IB49\nlHFaIyFWqV0cx434nBDi+n/IYBAsDgVpfPSdIR0Ykz1zmF4CvylNglz0JUn1UaX/\nCcV+U3ArUKC3psJdZ8XS1rVl1n3seuPSE9UyQRcuFN/LFu/b4zRcgoxKq0gkU43g\nBLFxAHmAQ7HmHtoZ0O1bUjcX0JIcq3WOljrmKvXgvEsv083gfe3s2SEIToDlBWTm\nNfkDEAsYHxBEKBK7M6hwomGVwqAVr37YIHRrKzdu0/g6UGGUAtA1lWSl26XNxg==\n-----END RSA PRIVATE KEY-----\n",
            "version_id": "30B4CCA5-A2F6-4C1D-BE9E-494786D97C5D",
            "version_stages": [
              "AWSCURRENT"
            ]
          },
          "sensitive_attributes": [
            [
              {
                "type": "get_attr",
                "value": "secret_string"
              }
            ]
          ],
          "private": "bnVsbA==",
          "dependencies": [
            "aws_secretsmanager_secret.secret",
            "tls_private_key.mykey"
          ]
        }
      ]
    },
    {
      "mode": "managed",
      "type": "aws_security_group",
      "name": "allow_ssh",
      "provider": "provider[\"registry.terraform.io/hashicorp/aws\"]",
      "instances": [
        {
          "schema_version": 1,
          "attributes": {
            "arn": "arn:aws:ec2:us-east-1:160707184380:security-group/sg-0097bd64bfa6c08d9",
            "description": "Allow SSH inbound traffic",
            "egress": [
              {
                "cidr_blocks": [
                  "0.0.0.0/0"
                ],
                "description": "",
                "from_port": 0,
                "ipv6_cidr_blocks": [],
                "prefix_list_ids": [],
                "protocol": "-1",
                "security_groups": [],
                "self": false,
                "to_port": 0
              }
            ],
            "id": "sg-0097bd64bfa6c08d9",
            "ingress": [
              {
                "cidr_blocks": [
                  "0.0.0.0/0"
                ],
                "description": "ssh",
                "from_port": 22,
                "ipv6_cidr_blocks": [],
                "prefix_list_ids": [],
                "protocol": "tcp",
                "security_groups": [],
                "self": false,
                "to_port": 22
              }
            ],
            "name": "allow_ssh",
            "name_prefix": "",
            "owner_id": "160707184380",
            "revoke_rules_on_delete": false,
            "tags": {},
            "tags_all": {},
            "timeouts": null,
            "vpc_id": "vpc-0e36893a22cbb43c5"
          },
          "sensitive_attributes": [],
          "private": "eyJlMmJmYjczMC1lY2FhLTExZTYtOGY4OC0zNDM2M2JjN2M0YzAiOnsiY3JlYXRlIjo2MDAwMDAwMDAwMDAsImRlbGV0ZSI6OTAwMDAwMDAwMDAwfSwic2NoZW1hX3ZlcnNpb24iOiIxIn0=",
          "dependencies": [
            "aws_vpc.myvpc"
          ]
        }
      ]
    },
    {
      "mode": "managed",
      "type": "aws_security_group",
      "name": "allow_ssh3000",
      "provider": "provider[\"registry.terraform.io/hashicorp/aws\"]",
      "instances": [
        {
          "schema_version": 1,
          "attributes": {
            "arn": "arn:aws:ec2:us-east-1:160707184380:security-group/sg-0cde9200530d73e55",
            "description": "Allow SSH inbound traffic",
            "egress": [
              {
                "cidr_blocks": [
                  "0.0.0.0/0"
                ],
                "description": "",
                "from_port": 0,
                "ipv6_cidr_blocks": [],
                "prefix_list_ids": [],
                "protocol": "-1",
                "security_groups": [],
                "self": false,
                "to_port": 0
              }
            ],
            "id": "sg-0cde9200530d73e55",
            "ingress": [
              {
                "cidr_blocks": [
                  "10.0.0.0/16"
                ],
                "description": "3000",
                "from_port": 3000,
                "ipv6_cidr_blocks": [],
                "prefix_list_ids": [],
                "protocol": "tcp",
                "security_groups": [],
                "self": false,
                "to_port": 3000
              },
              {
                "cidr_blocks": [
                  "10.0.0.0/16"
                ],
                "description": "ssh",
                "from_port": 22,
                "ipv6_cidr_blocks": [],
                "prefix_list_ids": [],
                "protocol": "tcp",
                "security_groups": [],
                "self": false,
                "to_port": 22
              }
            ],
            "name": "allow_ssh3000",
            "name_prefix": "",
            "owner_id": "160707184380",
            "revoke_rules_on_delete": false,
            "tags": {},
            "tags_all": {},
            "timeouts": null,
            "vpc_id": "vpc-0e36893a22cbb43c5"
          },
          "sensitive_attributes": [],
          "private": "eyJlMmJmYjczMC1lY2FhLTExZTYtOGY4OC0zNDM2M2JjN2M0YzAiOnsiY3JlYXRlIjo2MDAwMDAwMDAwMDAsImRlbGV0ZSI6OTAwMDAwMDAwMDAwfSwic2NoZW1hX3ZlcnNpb24iOiIxIn0=",
          "dependencies": [
            "aws_vpc.myvpc"
          ]
        }
      ]
    },
    {
      "mode": "managed",
      "type": "aws_subnet",
      "name": "privatesubnet1",
      "provider": "provider[\"registry.terraform.io/hashicorp/aws\"]",
      "instances": [
        {
          "schema_version": 1,
          "attributes": {
            "arn": "arn:aws:ec2:us-east-1:160707184380:subnet/subnet-02529c2b902fc8613",
            "assign_ipv6_address_on_creation": false,
            "availability_zone": "us-east-1a",
            "availability_zone_id": "use1-az6",
            "cidr_block": "10.0.3.0/24",
            "customer_owned_ipv4_pool": "",
            "enable_dns64": false,
            "enable_resource_name_dns_a_record_on_launch": false,
            "enable_resource_name_dns_aaaa_record_on_launch": false,
            "id": "subnet-02529c2b902fc8613",
            "ipv6_cidr_block": "",
            "ipv6_cidr_block_association_id": "",
            "ipv6_native": false,
            "map_customer_owned_ip_on_launch": false,
            "map_public_ip_on_launch": false,
            "outpost_arn": "",
            "owner_id": "160707184380",
            "private_dns_hostname_type_on_launch": "ip-name",
            "tags": {
              "Name": "privatesubnet1"
            },
            "tags_all": {
              "Name": "privatesubnet1"
            },
            "timeouts": null,
            "vpc_id": "vpc-0e36893a22cbb43c5"
          },
          "sensitive_attributes": [],
          "private": "eyJlMmJmYjczMC1lY2FhLTExZTYtOGY4OC0zNDM2M2JjN2M0YzAiOnsiY3JlYXRlIjo2MDAwMDAwMDAwMDAsImRlbGV0ZSI6MTIwMDAwMDAwMDAwMH0sInNjaGVtYV92ZXJzaW9uIjoiMSJ9",
          "dependencies": [
            "aws_vpc.myvpc"
          ]
        }
      ]
    },
    {
      "mode": "managed",
      "type": "aws_subnet",
      "name": "privatesubnet2",
      "provider": "provider[\"registry.terraform.io/hashicorp/aws\"]",
      "instances": [
        {
          "schema_version": 1,
          "attributes": {
            "arn": "arn:aws:ec2:us-east-1:160707184380:subnet/subnet-04d03e50efc52e460",
            "assign_ipv6_address_on_creation": false,
            "availability_zone": "us-east-1b",
            "availability_zone_id": "use1-az1",
            "cidr_block": "10.0.4.0/24",
            "customer_owned_ipv4_pool": "",
            "enable_dns64": false,
            "enable_resource_name_dns_a_record_on_launch": false,
            "enable_resource_name_dns_aaaa_record_on_launch": false,
            "id": "subnet-04d03e50efc52e460",
            "ipv6_cidr_block": "",
            "ipv6_cidr_block_association_id": "",
            "ipv6_native": false,
            "map_customer_owned_ip_on_launch": false,
            "map_public_ip_on_launch": false,
            "outpost_arn": "",
            "owner_id": "160707184380",
            "private_dns_hostname_type_on_launch": "ip-name",
            "tags": {
              "Name": "privatesubnet2"
            },
            "tags_all": {
              "Name": "privatesubnet2"
            },
            "timeouts": null,
            "vpc_id": "vpc-0e36893a22cbb43c5"
          },
          "sensitive_attributes": [],
          "private": "eyJlMmJmYjczMC1lY2FhLTExZTYtOGY4OC0zNDM2M2JjN2M0YzAiOnsiY3JlYXRlIjo2MDAwMDAwMDAwMDAsImRlbGV0ZSI6MTIwMDAwMDAwMDAwMH0sInNjaGVtYV92ZXJzaW9uIjoiMSJ9",
          "dependencies": [
            "aws_vpc.myvpc"
          ]
        }
      ]
    },
    {
      "mode": "managed",
      "type": "aws_subnet",
      "name": "publicsubnet1",
      "provider": "provider[\"registry.terraform.io/hashicorp/aws\"]",
      "instances": [
        {
          "schema_version": 1,
          "attributes": {
            "arn": "arn:aws:ec2:us-east-1:160707184380:subnet/subnet-0802c96b5434236d7",
            "assign_ipv6_address_on_creation": false,
            "availability_zone": "us-east-1a",
            "availability_zone_id": "use1-az6",
            "cidr_block": "10.0.1.0/24",
            "customer_owned_ipv4_pool": "",
            "enable_dns64": false,
            "enable_resource_name_dns_a_record_on_launch": false,
            "enable_resource_name_dns_aaaa_record_on_launch": false,
            "id": "subnet-0802c96b5434236d7",
            "ipv6_cidr_block": "",
            "ipv6_cidr_block_association_id": "",
            "ipv6_native": false,
            "map_customer_owned_ip_on_launch": false,
            "map_public_ip_on_launch": true,
            "outpost_arn": "",
            "owner_id": "160707184380",
            "private_dns_hostname_type_on_launch": "ip-name",
            "tags": {
              "Name": "publicsubnet1"
            },
            "tags_all": {
              "Name": "publicsubnet1"
            },
            "timeouts": null,
            "vpc_id": "vpc-0e36893a22cbb43c5"
          },
          "sensitive_attributes": [],
          "private": "eyJlMmJmYjczMC1lY2FhLTExZTYtOGY4OC0zNDM2M2JjN2M0YzAiOnsiY3JlYXRlIjo2MDAwMDAwMDAwMDAsImRlbGV0ZSI6MTIwMDAwMDAwMDAwMH0sInNjaGVtYV92ZXJzaW9uIjoiMSJ9",
          "dependencies": [
            "aws_vpc.myvpc"
          ]
        }
      ]
    },
    {
      "mode": "managed",
      "type": "aws_subnet",
      "name": "publicsubnet2",
      "provider": "provider[\"registry.terraform.io/hashicorp/aws\"]",
      "instances": [
        {
          "schema_version": 1,
          "attributes": {
            "arn": "arn:aws:ec2:us-east-1:160707184380:subnet/subnet-023987d81e5b1acc8",
            "assign_ipv6_address_on_creation": false,
            "availability_zone": "us-east-1b",
            "availability_zone_id": "use1-az1",
            "cidr_block": "10.0.2.0/24",
            "customer_owned_ipv4_pool": "",
            "enable_dns64": false,
            "enable_resource_name_dns_a_record_on_launch": false,
            "enable_resource_name_dns_aaaa_record_on_launch": false,
            "id": "subnet-023987d81e5b1acc8",
            "ipv6_cidr_block": "",
            "ipv6_cidr_block_association_id": "",
            "ipv6_native": false,
            "map_customer_owned_ip_on_launch": false,
            "map_public_ip_on_launch": true,
            "outpost_arn": "",
            "owner_id": "160707184380",
            "private_dns_hostname_type_on_launch": "ip-name",
            "tags": {
              "Name": "publicsubnet2"
            },
            "tags_all": {
              "Name": "publicsubnet2"
            },
            "timeouts": null,
            "vpc_id": "vpc-0e36893a22cbb43c5"
          },
          "sensitive_attributes": [],
          "private": "eyJlMmJmYjczMC1lY2FhLTExZTYtOGY4OC0zNDM2M2JjN2M0YzAiOnsiY3JlYXRlIjo2MDAwMDAwMDAwMDAsImRlbGV0ZSI6MTIwMDAwMDAwMDAwMH0sInNjaGVtYV92ZXJzaW9uIjoiMSJ9",
          "dependencies": [
            "aws_vpc.myvpc"
          ]
        }
      ]
    },
    {
      "mode": "managed",
      "type": "aws_vpc",
      "name": "myvpc",
      "provider": "provider[\"registry.terraform.io/hashicorp/aws\"]",
      "instances": [
        {
          "schema_version": 1,
          "attributes": {
            "arn": "arn:aws:ec2:us-east-1:160707184380:vpc/vpc-0e36893a22cbb43c5",
            "assign_generated_ipv6_cidr_block": false,
            "cidr_block": "10.0.0.0/16",
            "default_network_acl_id": "acl-0aefd6462ca81f267",
            "default_route_table_id": "rtb-06a01a41668841f50",
            "default_security_group_id": "sg-08abb97617c4576a5",
            "dhcp_options_id": "dopt-0fc1217f0b44c1ab8",
            "enable_classiclink": false,
            "enable_classiclink_dns_support": false,
            "enable_dns_hostnames": false,
            "enable_dns_support": true,
            "id": "vpc-0e36893a22cbb43c5",
            "instance_tenancy": "default",
            "ipv4_ipam_pool_id": null,
            "ipv4_netmask_length": null,
            "ipv6_association_id": "",
            "ipv6_cidr_block": "",
            "ipv6_cidr_block_network_border_group": "",
            "ipv6_ipam_pool_id": "",
            "ipv6_netmask_length": 0,
            "main_route_table_id": "rtb-06a01a41668841f50",
            "owner_id": "160707184380",
            "tags": {
              "Name": "myvpc"
            },
            "tags_all": {
              "Name": "myvpc"
            }
          },
          "sensitive_attributes": [],
          "private": "eyJzY2hlbWFfdmVyc2lvbiI6IjEifQ=="
        }
      ]
    },
    {
      "mode": "managed",
      "type": "tls_private_key",
      "name": "mykey",
      "provider": "provider[\"registry.terraform.io/hashicorp/tls\"]",
      "instances": [
        {
          "schema_version": 0,
          "attributes": {
            "algorithm": "RSA",
            "ecdsa_curve": "P224",
            "id": "2b0eb3a24cce6054da7c31ff9c82f97abb58a114",
            "private_key_openssh": "-----BEGIN OPENSSH PRIVATE KEY-----\nb3BlbnNzaC1rZXktdjEAAAAABG5vbmUAAAAEbm9uZQAAAAAAAAABAAACFwAAAAdz\nc2gtcnNhAAAAAwEAAQAAAgEAsls9D6VpbDEBQ/cf40HE5CSd8tSRGLSI2RkMMKj/\neX3aF68JGqVOWTjptow04ieiGsUuZMxBQzoSQn4dxnzYpFj4uiVlWODhIqun21U9\nZS4omv4Emx6Er6cDGWsTZzH0bKJvgqX5yCGLBPeytVXRmLmJA0o4f6rPS848upNL\njvG72Vv1xW1vrEayDKewTLqI1UF3LPTfVQbD8IgFeydNWY7mLdiJSJ5Yq+kpBHlS\nOtjjBFtmMCdzn+l5twzIrmOWGyH1WXcYjgG3ey0aAJVEvGrAO8uByTus2n3qvV1h\nNWlCgHz9oXJ3JQ6eoQyuGLfzUCZzFGtOGSNHQocwuG6PIoU1O7vXeegctKsuYG5U\n87mfuCm26Xz6usQ3oh3g5TIKLBYdBYHiop1t4+qBCfV4lLjfNBc3cdIqdQs/Qkvy\neNKd61fap0gFL/XsAaCLSvHXTLJMLnillQ32I0QxBdXzaFDszf0R2sI2E+TqDQg/\nM2iPGhnyO0+2mO6e8Moy8Kh5BZiWdrAr+MGOzUsQ1ZOqeyEe5gJSY3Ghjsgj2zE9\ne+hs06OZpMXyG0U6GmLNkLGFQG/NXAzurRIEkkmCPox3bmUZNwkNCwNzygOPIoy/\nkmAkPA5mC1vmnEuuBIt6CdtJFHKcY0g92JXjP0vEKpWPGYOi/7suO+rvXQ3WrU8z\nPHsAAAc4tAL5MbQC+TEAAAAHc3NoLXJzYQAAAgEAsls9D6VpbDEBQ/cf40HE5CSd\n8tSRGLSI2RkMMKj/eX3aF68JGqVOWTjptow04ieiGsUuZMxBQzoSQn4dxnzYpFj4\nuiVlWODhIqun21U9ZS4omv4Emx6Er6cDGWsTZzH0bKJvgqX5yCGLBPeytVXRmLmJ\nA0o4f6rPS848upNLjvG72Vv1xW1vrEayDKewTLqI1UF3LPTfVQbD8IgFeydNWY7m\nLdiJSJ5Yq+kpBHlSOtjjBFtmMCdzn+l5twzIrmOWGyH1WXcYjgG3ey0aAJVEvGrA\nO8uByTus2n3qvV1hNWlCgHz9oXJ3JQ6eoQyuGLfzUCZzFGtOGSNHQocwuG6PIoU1\nO7vXeegctKsuYG5U87mfuCm26Xz6usQ3oh3g5TIKLBYdBYHiop1t4+qBCfV4lLjf\nNBc3cdIqdQs/QkvyeNKd61fap0gFL/XsAaCLSvHXTLJMLnillQ32I0QxBdXzaFDs\nzf0R2sI2E+TqDQg/M2iPGhnyO0+2mO6e8Moy8Kh5BZiWdrAr+MGOzUsQ1ZOqeyEe\n5gJSY3Ghjsgj2zE9e+hs06OZpMXyG0U6GmLNkLGFQG/NXAzurRIEkkmCPox3bmUZ\nNwkNCwNzygOPIoy/kmAkPA5mC1vmnEuuBIt6CdtJFHKcY0g92JXjP0vEKpWPGYOi\n/7suO+rvXQ3WrU8zPHsAAAADAQABAAACAQCOscJzjyJ+JeLeTovblRYCdW1NB1Yi\nzuWh05FWKQ9kUxU215pQECtT5N3PZ/MzcQQXqORKTsR0FbTgL+iAkgf9zRUKULr5\n1ckppO5B47ugBMMF5e8nb842fkdTgcBfUq88buUKQOJLhNKlocr/m256Yw5EbJAx\nTCZXfuRFXW0ZKzvgVduXHcw3p8PxrgO2D5NEEwFXHX7ElwoSmbDQ7AvNeC+eRFzp\nlY5Z08w2QR5R6I4QQVPLePTf3rq7geXY5+IDSTLzZf5mNudmDBp+lu4MVNgBvvrS\nVgUgNZel81y/j7xd8iI1lc/O/RhavztWmW14FZsCnis4n2n2xxRqqkGmxYlW4WWg\nnoAOALQ2hu5Z81cF/i7FARhRPRclQ5g7two0yX9u6BCGYy+oXfasOvJAmyA9yVNu\nhsZz+g9Lj0EBEcwhGJDpE/GNqeyyAhEglNLItbxGmtC/fCEhWOO50L95d7p8hTSA\ndHwgpXIQHWj94nWNzi6i95qqgqtjTg20QjfZ8ByWWx+27JzF/nlR5aAEjZAydSyE\nlEwjrw56bDRPGt7qw7fEK4TV6JHM6pKBqdTx+pKFrym6N2vt0wObzIWVTnBTBnYY\nA5dgeIlw/nabZaBF2zBd7SivGw/U9RkQ1UDrOuV3kK80bhrYqQQlEUqJl9R5MB86\nk9JLPQANUR/dIQAAAQEAvqhvjG62e6VPTkZjYizwVFFHauFqRLdPoeTXcSBXEX6x\nWACv2LvEZrOeuW5PXCBelK2ZkqtEDLj2y/WbLnf5IB49lHFaIyFWqV0cx434nBDi\n+n/IYBAsDgVpfPSdIR0Ykz1zmF4CvylNglz0JUn1UaX/CcV+U3ArUKC3psJdZ8XS\n1rVl1n3seuPSE9UyQRcuFN/LFu/b4zRcgoxKq0gkU43gBLFxAHmAQ7HmHtoZ0O1b\nUjcX0JIcq3WOljrmKvXgvEsv083gfe3s2SEIToDlBWTmNfkDEAsYHxBEKBK7M6hw\nomGVwqAVr37YIHRrKzdu0/g6UGGUAtA1lWSl26XNxgAAAQEAzgBJFGXRgKT1B2nS\nz3vha+oYdt+gZCczWL5LOfTmtm+0CPdyJu8rpxBlidwvEppFTFnRvR2N4Iw0lz6/\nQZYx3SRmXMhU7hOGiF15CLD7vuR3meyN26Dpb+sblc18EaJdlJ6nXkURx3jALw1f\nzf73BDAhtC1PnVaYU/Djtud0yRIjIhblsPzYtzs6m7ZUZeS2hxcWoY+DTehTL+y1\n2UpBDIzZko6SvCyUjB+5Mz43n0TW4htNgu2LaDskMApnTaqYgMQ9m6YlEI5CqA1l\n75h7xup6LsEciw2kwSzB7tTeEdQh95z50oLjgi4xlvtE8B68zSpncm1K9UDonfhR\neoGAUQAAAQEA3aVFVFP6PiFBCOp1jelSHklhAJ58xy+NHZj0zIIaRHEy3S+IpUxm\nks/6lpHzCBlxhVlQ3YAsR+BCKNN2sK1pZARBBNic+tiSruz+fXtuVZ8qJPrjAQrt\nnRfH0uxyk/Mr5B8kRfvUMIa+6nJ2NIm4RERUnPU8hOqkniWbZ9L9NBjCnrKV3bH5\nS/Za1rCOM1MCu4everOfwsZSmX+qwdxksMrVNMFssE5aogA3nXJQ3z8ykK0ekdG0\n6VSx76XoSMmnLAM3RibN60hyQEwnjJQtSTgPjjlS4ONf/y4yCpKjQNuPBYSzJkef\nzJGqubyKC4XDKykeZEJbLnCzoPR9OwnpCwAAAAAB\n-----END OPENSSH PRIVATE KEY-----\n",
            "private_key_pem": "-----BEGIN RSA PRIVATE KEY-----\nMIIJKgIBAAKCAgEAsls9D6VpbDEBQ/cf40HE5CSd8tSRGLSI2RkMMKj/eX3aF68J\nGqVOWTjptow04ieiGsUuZMxBQzoSQn4dxnzYpFj4uiVlWODhIqun21U9ZS4omv4E\nmx6Er6cDGWsTZzH0bKJvgqX5yCGLBPeytVXRmLmJA0o4f6rPS848upNLjvG72Vv1\nxW1vrEayDKewTLqI1UF3LPTfVQbD8IgFeydNWY7mLdiJSJ5Yq+kpBHlSOtjjBFtm\nMCdzn+l5twzIrmOWGyH1WXcYjgG3ey0aAJVEvGrAO8uByTus2n3qvV1hNWlCgHz9\noXJ3JQ6eoQyuGLfzUCZzFGtOGSNHQocwuG6PIoU1O7vXeegctKsuYG5U87mfuCm2\n6Xz6usQ3oh3g5TIKLBYdBYHiop1t4+qBCfV4lLjfNBc3cdIqdQs/QkvyeNKd61fa\np0gFL/XsAaCLSvHXTLJMLnillQ32I0QxBdXzaFDszf0R2sI2E+TqDQg/M2iPGhny\nO0+2mO6e8Moy8Kh5BZiWdrAr+MGOzUsQ1ZOqeyEe5gJSY3Ghjsgj2zE9e+hs06OZ\npMXyG0U6GmLNkLGFQG/NXAzurRIEkkmCPox3bmUZNwkNCwNzygOPIoy/kmAkPA5m\nC1vmnEuuBIt6CdtJFHKcY0g92JXjP0vEKpWPGYOi/7suO+rvXQ3WrU8zPHsCAwEA\nAQKCAgEAjrHCc48ifiXi3k6L25UWAnVtTQdWIs7lodORVikPZFMVNteaUBArU+Td\nz2fzM3EEF6jkSk7EdBW04C/ogJIH/c0VClC6+dXJKaTuQeO7oATDBeXvJ2/ONn5H\nU4HAX1KvPG7lCkDiS4TSpaHK/5tuemMORGyQMUwmV37kRV1tGSs74FXblx3MN6fD\n8a4Dtg+TRBMBVx1+xJcKEpmw0OwLzXgvnkRc6ZWOWdPMNkEeUeiOEEFTy3j03966\nu4Hl2OfiA0ky82X+ZjbnZgwafpbuDFTYAb760lYFIDWXpfNcv4+8XfIiNZXPzv0Y\nWr87VplteBWbAp4rOJ9p9scUaqpBpsWJVuFloJ6ADgC0NobuWfNXBf4uxQEYUT0X\nJUOYO7cKNMl/bugQhmMvqF32rDryQJsgPclTbobGc/oPS49BARHMIRiQ6RPxjans\nsgIRIJTSyLW8RprQv3whIVjjudC/eXe6fIU0gHR8IKVyEB1o/eJ1jc4uoveaqoKr\nY04NtEI32fAcllsftuycxf55UeWgBI2QMnUshJRMI68Oemw0Txre6sO3xCuE1eiR\nzOqSganU8fqSha8pujdr7dMDm8yFlU5wUwZ2GAOXYHiJcP52m2WgRdswXe0orxsP\n1PUZENVA6zrld5CvNG4a2KkEJRFKiZfUeTAfOpPSSz0ADVEf3SECggEBAM4ASRRl\n0YCk9Qdp0s974WvqGHbfoGQnM1i+Szn05rZvtAj3cibvK6cQZYncLxKaRUxZ0b0d\njeCMNJc+v0GWMd0kZlzIVO4ThohdeQiw+77kd5nsjdug6W/rG5XNfBGiXZSep15F\nEcd4wC8NX83+9wQwIbQtT51WmFPw47bndMkSIyIW5bD82Lc7Opu2VGXktocXFqGP\ng03oUy/stdlKQQyM2ZKOkrwslIwfuTM+N59E1uIbTYLti2g7JDAKZ02qmIDEPZum\nJRCOQqgNZe+Ye8bqei7BHIsNpMEswe7U3hHUIfec+dKC44IuMZb7RPAevM0qZ3Jt\nSvVA6J34UXqBgFECggEBAN2lRVRT+j4hQQjqdY3pUh5JYQCefMcvjR2Y9MyCGkRx\nMt0viKVMZpLP+paR8wgZcYVZUN2ALEfgQijTdrCtaWQEQQTYnPrYkq7s/n17blWf\nKiT64wEK7Z0Xx9LscpPzK+QfJEX71DCGvupydjSJuEREVJz1PITqpJ4lm2fS/TQY\nwp6yld2x+Uv2WtawjjNTAruHr3qzn8LGUpl/qsHcZLDK1TTBbLBOWqIAN51yUN8/\nMpCtHpHRtOlUse+l6EjJpywDN0YmzetIckBMJ4yULUk4D445UuDjX/8uMgqSo0Db\njwWEsyZHn8yRqrm8iguFwyspHmRCWy5ws6D0fTsJ6QsCggEASIMnNkvk5BCsw7BH\naYukvNTJScbL8ZUu6NULK9p9/8fwKpvXjcbwqb0G0PE1jKnLLOYNAzHNCDayKG8I\n6bBR2xL+CTjnVGqBF603doy+AOLxCriO8rmAkknDCwcq3hY2NKNoLLHJYVqq46Uk\njSFrmAjNRFwSw0KBGkMYFQECRejhfxVqQtOuAUmTBs62hKtuaL0C1VnsEVdvONZs\n6JDPtvg5efI/yocyvuRHz7bd421a6npL3YN6Z/Uxdsuis18SkXkCarCgKWS6J+eX\nczBMmadd3OlS/8uMrAbyOPyrMsFmN4AFHEnAhcl24TuPd6qKMPn1Mf0wvoXbnAeV\nvrapEQKCAQEAlD4q3ZkBQTbKoaT3FQBdzSX0/A4ElNCICKi56mKGIQq5I1jcgvpT\njJQQHU7mhp9F3xN603sbosMqXNX6h3aki6GQvyYF8HyTtu2J1PGOPTQkYvFujM77\nV9uE6dz9UVkOHRh7EVe6du5YmMQPrVoDZZ1yHjyjyp6JlcC/bTSf54079hqpw8p6\nW8UcwoT5xvgZVsYMpvumugYdTs8lrV2z9s7ixNMt18nAMqQEjojb8ET7k+pGDO9+\nmaTtEcUcVDqTVgucl43yohAlYj3NIeglVdhqBwzuEr3hAfKqw4mKKSHwSZeUnuC+\nz3sJ/gpNJiHEBIUO7622AJyed+OuMqOROwKCAQEAvqhvjG62e6VPTkZjYizwVFFH\nauFqRLdPoeTXcSBXEX6xWACv2LvEZrOeuW5PXCBelK2ZkqtEDLj2y/WbLnf5IB49\nlHFaIyFWqV0cx434nBDi+n/IYBAsDgVpfPSdIR0Ykz1zmF4CvylNglz0JUn1UaX/\nCcV+U3ArUKC3psJdZ8XS1rVl1n3seuPSE9UyQRcuFN/LFu/b4zRcgoxKq0gkU43g\nBLFxAHmAQ7HmHtoZ0O1bUjcX0JIcq3WOljrmKvXgvEsv083gfe3s2SEIToDlBWTm\nNfkDEAsYHxBEKBK7M6hwomGVwqAVr37YIHRrKzdu0/g6UGGUAtA1lWSl26XNxg==\n-----END RSA PRIVATE KEY-----\n",
            "public_key_fingerprint_md5": "9b:da:e5:f9:8b:e6:70:d4:ce:d1:62:15:9e:c8:77:48",
            "public_key_fingerprint_sha256": "SHA256:zZW25aj6zAqct+YpivkxwK+7C6oAP4+hxcSgT3juPX8",
            "public_key_openssh": "ssh-rsa AAAAB3NzaC1yc2EAAAADAQABAAACAQCyWz0PpWlsMQFD9x/jQcTkJJ3y1JEYtIjZGQwwqP95fdoXrwkapU5ZOOm2jDTiJ6IaxS5kzEFDOhJCfh3GfNikWPi6JWVY4OEiq6fbVT1lLiia/gSbHoSvpwMZaxNnMfRsom+CpfnIIYsE97K1VdGYuYkDSjh/qs9Lzjy6k0uO8bvZW/XFbW+sRrIMp7BMuojVQXcs9N9VBsPwiAV7J01ZjuYt2IlInlir6SkEeVI62OMEW2YwJ3Of6Xm3DMiuY5YbIfVZdxiOAbd7LRoAlUS8asA7y4HJO6zafeq9XWE1aUKAfP2hcnclDp6hDK4Yt/NQJnMUa04ZI0dChzC4bo8ihTU7u9d56By0qy5gblTzuZ+4KbbpfPq6xDeiHeDlMgosFh0FgeKinW3j6oEJ9XiUuN80Fzdx0ip1Cz9CS/J40p3rV9qnSAUv9ewBoItK8ddMskwueKWVDfYjRDEF1fNoUOzN/RHawjYT5OoNCD8zaI8aGfI7T7aY7p7wyjLwqHkFmJZ2sCv4wY7NSxDVk6p7IR7mAlJjcaGOyCPbMT176GzTo5mkxfIbRToaYs2QsYVAb81cDO6tEgSSSYI+jHduZRk3CQ0LA3PKA48ijL+SYCQ8DmYLW+acS64Ei3oJ20kUcpxjSD3YleM/S8QqlY8Zg6L/uy476u9dDdatTzM8ew==\n",
            "public_key_pem": "-----BEGIN PUBLIC KEY-----\nMIICIjANBgkqhkiG9w0BAQEFAAOCAg8AMIICCgKCAgEAsls9D6VpbDEBQ/cf40HE\n5CSd8tSRGLSI2RkMMKj/eX3aF68JGqVOWTjptow04ieiGsUuZMxBQzoSQn4dxnzY\npFj4uiVlWODhIqun21U9ZS4omv4Emx6Er6cDGWsTZzH0bKJvgqX5yCGLBPeytVXR\nmLmJA0o4f6rPS848upNLjvG72Vv1xW1vrEayDKewTLqI1UF3LPTfVQbD8IgFeydN\nWY7mLdiJSJ5Yq+kpBHlSOtjjBFtmMCdzn+l5twzIrmOWGyH1WXcYjgG3ey0aAJVE\nvGrAO8uByTus2n3qvV1hNWlCgHz9oXJ3JQ6eoQyuGLfzUCZzFGtOGSNHQocwuG6P\nIoU1O7vXeegctKsuYG5U87mfuCm26Xz6usQ3oh3g5TIKLBYdBYHiop1t4+qBCfV4\nlLjfNBc3cdIqdQs/QkvyeNKd61fap0gFL/XsAaCLSvHXTLJMLnillQ32I0QxBdXz\naFDszf0R2sI2E+TqDQg/M2iPGhnyO0+2mO6e8Moy8Kh5BZiWdrAr+MGOzUsQ1ZOq\neyEe5gJSY3Ghjsgj2zE9e+hs06OZpMXyG0U6GmLNkLGFQG/NXAzurRIEkkmCPox3\nbmUZNwkNCwNzygOPIoy/kmAkPA5mC1vmnEuuBIt6CdtJFHKcY0g92JXjP0vEKpWP\nGYOi/7suO+rvXQ3WrU8zPHsCAwEAAQ==\n-----END PUBLIC KEY-----\n",
            "rsa_bits": 4096
          },
          "sensitive_attributes": [],
          "private": "bnVsbA=="
        }
      ]
    }
  ]
}
